
Microsoft Visual Studio Solution File, Format Version 12.00
# Visual Studio Version 17
VisualStudioVersion = 17.8.34525.116
MinimumVisualStudioVersion = 10.0.40219.1
Project("{FAE04EC0-301F-11D3-BF4B-00C04F79EFBC}") = "1C_app", "1C_app\1C_app.csproj", "{DC535155-4175-4543-9980-A4CFA900AC28}"
EndProject
Global
	GlobalSection(SolutionConfigurationPlatforms) = preSolution
		Debug|Any CPU = Debug|Any CPU
		Release|Any CPU = Release|Any CPU
	EndGlobalSection
	GlobalSection(ProjectConfigurationPlatforms) = postSolution
		{DC535155-4175-4543-9980-A4CFA900AC28}.Debug|Any CPU.ActiveCfg = Debug|Any CPU
		{DC535155-4175-4543-9980-A4CFA900AC28}.Debug|Any CPU.Build.0 = Debug|Any CPU
		{DC535155-4175-4543-9980-A4CFA900AC28}.Release|Any CPU.ActiveCfg = Release|Any CPU
		{DC535155-4175-4543-9980-A4CFA900AC28}.Release|Any CPU.Build.0 = Release|Any CPU
	EndGlobalSection
	GlobalSection(SolutionProperties) = preSolution
		HideSolutionNode = FALSE
	EndGlobalSection
	GlobalSection(ExtensibilityGlobals) = postSolution
		SolutionGuid = {A35C292F-9AA0-4643-9B5C-2B0E565B5331}
	EndGlobalSection
EndGlobal
